
Microsoft Visual Studio Solution File, Format Version 12.00
# Visual Studio 14
VisualStudioVersion = 14.0.25420.1
MinimumVisualStudioVersion = 10.0.40219.1
Project("{EDCC3B85-0BAD-11DB-BC1A-00112FDE8B61}") = "NemerleStarter", "ConsoleApp2\NemerleStarter.nproj", "{AEB51FE2-F10F-418E-ABA2-AB11E9BB21CA}"
EndProject
Global
	GlobalSection(SolutionConfigurationPlatforms) = preSolution
		Debug|Any CPU = Debug|Any CPU
		Release|Any CPU = Release|Any CPU
	EndGlobalSection
	GlobalSection(ProjectConfigurationPlatforms) = postSolution
		{AEB51FE2-F10F-418E-ABA2-AB11E9BB21CA}.Debug|Any CPU.ActiveCfg = Debug|Any CPU
		{AEB51FE2-F10F-418E-ABA2-AB11E9BB21CA}.Debug|Any CPU.Build.0 = Debug|Any CPU
		{AEB51FE2-F10F-418E-ABA2-AB11E9BB21CA}.Release|Any CPU.ActiveCfg = Release|Any CPU
		{AEB51FE2-F10F-418E-ABA2-AB11E9BB21CA}.Release|Any CPU.Build.0 = Release|Any CPU
	EndGlobalSection
	GlobalSection(SolutionProperties) = preSolution
		HideSolutionNode = FALSE
	EndGlobalSection
EndGlobal
